
Microsoft Visual Studio Solution File, Format Version 12.00
# Visual Studio Version 17
VisualStudioVersion = 17.5.002.0
MinimumVisualStudioVersion = 10.0.40219.1
Project("{9A19103F-16F7-4668-BE54-9A1E7A4F7556}") = "ASafariM.Server", "apps\backends\ASafariM.Server\ASafariM.Server.csproj", "{DAE621FB-4CE8-4EFB-9354-5A7D606D83A1}"
EndProject
Project("{9A19103F-16F7-4668-BE54-9A1E7A4F7556}") = "Domain", "libs\Domain\Domain.csproj", "{653F4674-275B-46EC-9A09-0A6BEEC424C5}"
EndProject
Project("{9A19103F-16F7-4668-BE54-9A1E7A4F7556}") = "Infrastructure", "libs\Infrastructure\Infrastructure.csproj", "{80293C3B-1AB7-4694-874B-2B3247F65F3D}"
EndProject
Project("{9A19103F-16F7-4668-BE54-9A1E7A4F7556}") = "TaskManagerApi", "libs\WebApis\TaskManagerApi\TaskManagerApi.csproj", "{D61F42EB-E5CF-4200-9408-DE81ACD9DEC0}"
EndProject
Project("{9A19103F-16F7-4668-BE54-9A1E7A4F7556}") = "SecureCore", "libs\SecureCore\SecureCore.csproj", "{5F17280B-DA5C-4900-B31C-29D8FE8B30A2}"
EndProject
Global
	GlobalSection(SolutionConfigurationPlatforms) = preSolution
		Debug|Any CPU = Debug|Any CPU
		Release|Any CPU = Release|Any CPU
	EndGlobalSection
	GlobalSection(ProjectConfigurationPlatforms) = postSolution
		{DAE621FB-4CE8-4EFB-9354-5A7D606D83A1}.Debug|Any CPU.ActiveCfg = Debug|Any CPU
		{DAE621FB-4CE8-4EFB-9354-5A7D606D83A1}.Debug|Any CPU.Build.0 = Debug|Any CPU
		{DAE621FB-4CE8-4EFB-9354-5A7D606D83A1}.Release|Any CPU.ActiveCfg = Release|Any CPU
		{DAE621FB-4CE8-4EFB-9354-5A7D606D83A1}.Release|Any CPU.Build.0 = Release|Any CPU
		{653F4674-275B-46EC-9A09-0A6BEEC424C5}.Debug|Any CPU.ActiveCfg = Debug|Any CPU
		{653F4674-275B-46EC-9A09-0A6BEEC424C5}.Debug|Any CPU.Build.0 = Debug|Any CPU
		{653F4674-275B-46EC-9A09-0A6BEEC424C5}.Release|Any CPU.ActiveCfg = Release|Any CPU
		{653F4674-275B-46EC-9A09-0A6BEEC424C5}.Release|Any CPU.Build.0 = Release|Any CPU
		{80293C3B-1AB7-4694-874B-2B3247F65F3D}.Debug|Any CPU.ActiveCfg = Debug|Any CPU
		{80293C3B-1AB7-4694-874B-2B3247F65F3D}.Debug|Any CPU.Build.0 = Debug|Any CPU
		{80293C3B-1AB7-4694-874B-2B3247F65F3D}.Release|Any CPU.ActiveCfg = Release|Any CPU
		{80293C3B-1AB7-4694-874B-2B3247F65F3D}.Release|Any CPU.Build.0 = Release|Any CPU
		{D61F42EB-E5CF-4200-9408-DE81ACD9DEC0}.Debug|Any CPU.ActiveCfg = Debug|Any CPU
		{D61F42EB-E5CF-4200-9408-DE81ACD9DEC0}.Debug|Any CPU.Build.0 = Debug|Any CPU
		{D61F42EB-E5CF-4200-9408-DE81ACD9DEC0}.Release|Any CPU.ActiveCfg = Release|Any CPU
		{D61F42EB-E5CF-4200-9408-DE81ACD9DEC0}.Release|Any CPU.Build.0 = Release|Any CPU
		{5F17280B-DA5C-4900-B31C-29D8FE8B30A2}.Debug|Any CPU.ActiveCfg = Debug|Any CPU
		{5F17280B-DA5C-4900-B31C-29D8FE8B30A2}.Debug|Any CPU.Build.0 = Debug|Any CPU
		{5F17280B-DA5C-4900-B31C-29D8FE8B30A2}.Release|Any CPU.ActiveCfg = Release|Any CPU
		{5F17280B-DA5C-4900-B31C-29D8FE8B30A2}.Release|Any CPU.Build.0 = Release|Any CPU
	EndGlobalSection
	GlobalSection(SolutionProperties) = preSolution
		HideSolutionNode = FALSE
	EndGlobalSection
	GlobalSection(ExtensibilityGlobals) = postSolution
		SolutionGuid = {52B2FDD9-B6BC-4C68-A8E1-12AD1893D2CD}
	EndGlobalSection
EndGlobal
